
Microsoft Visual Studio Solution File, Format Version 12.00
# Visual Studio Version 17
VisualStudioVersion = 17.10.35013.160
MinimumVisualStudioVersion = 10.0.40219.1
Project("{FAE04EC0-301F-11D3-BF4B-00C04F79EFBC}") = "AddinFileManager", "AddinFileManager\AddinFileManager.csproj", "{000556E4-2370-4033-8DC7-AD9CD3EA722E}"
EndProject
Global
	GlobalSection(SolutionConfigurationPlatforms) = preSolution
		Debug|Any CPU = Debug|Any CPU
		Release|Any CPU = Release|Any CPU
	EndGlobalSection
	GlobalSection(ProjectConfigurationPlatforms) = postSolution
		{000556E4-2370-4033-8DC7-AD9CD3EA722E}.Debug|Any CPU.ActiveCfg = Debug|Any CPU
		{000556E4-2370-4033-8DC7-AD9CD3EA722E}.Debug|Any CPU.Build.0 = Debug|Any CPU
		{000556E4-2370-4033-8DC7-AD9CD3EA722E}.Release|Any CPU.ActiveCfg = Release|Any CPU
		{000556E4-2370-4033-8DC7-AD9CD3EA722E}.Release|Any CPU.Build.0 = Release|Any CPU
	EndGlobalSection
	GlobalSection(SolutionProperties) = preSolution
		HideSolutionNode = FALSE
	EndGlobalSection
	GlobalSection(ExtensibilityGlobals) = postSolution
		SolutionGuid = {3BFD32EA-BE14-4F26-969E-D6EE0C680DA1}
	EndGlobalSection
EndGlobal
